
Microsoft Visual Studio Solution File, Format Version 12.00
# Visual Studio 14
VisualStudioVersion = 14.0.24720.0
MinimumVisualStudioVersion = 10.0.40219.1
Project("{FAE04EC0-301F-11D3-BF4B-00C04F79EFBC}") = "VHDLParser", "VHDLParser\VHDLParser.csproj", "{6EA2E6C2-60D8-4763-B789-57573C1A8B18}"
EndProject
Project("{FAE04EC0-301F-11D3-BF4B-00C04F79EFBC}") = "Model", "Model\Model.csproj", "{3AACAB48-5E12-4D61-B85B-E9FD6A6C328B}"
EndProject
Project("{FAE04EC0-301F-11D3-BF4B-00C04F79EFBC}") = "Diploma.UI", "Diploma.UI\Diploma.UI.csproj", "{CF058003-3B5A-4E2E-A4E7-274D76F395FB}"
EndProject
Global
	GlobalSection(SolutionConfigurationPlatforms) = preSolution
		Debug|Any CPU = Debug|Any CPU
		Release|Any CPU = Release|Any CPU
	EndGlobalSection
	GlobalSection(ProjectConfigurationPlatforms) = postSolution
		{6EA2E6C2-60D8-4763-B789-57573C1A8B18}.Debug|Any CPU.ActiveCfg = Debug|Any CPU
		{6EA2E6C2-60D8-4763-B789-57573C1A8B18}.Debug|Any CPU.Build.0 = Debug|Any CPU
		{6EA2E6C2-60D8-4763-B789-57573C1A8B18}.Release|Any CPU.ActiveCfg = Release|Any CPU
		{6EA2E6C2-60D8-4763-B789-57573C1A8B18}.Release|Any CPU.Build.0 = Release|Any CPU
		{3AACAB48-5E12-4D61-B85B-E9FD6A6C328B}.Debug|Any CPU.ActiveCfg = Debug|Any CPU
		{3AACAB48-5E12-4D61-B85B-E9FD6A6C328B}.Debug|Any CPU.Build.0 = Debug|Any CPU
		{3AACAB48-5E12-4D61-B85B-E9FD6A6C328B}.Release|Any CPU.ActiveCfg = Release|Any CPU
		{3AACAB48-5E12-4D61-B85B-E9FD6A6C328B}.Release|Any CPU.Build.0 = Release|Any CPU
		{CF058003-3B5A-4E2E-A4E7-274D76F395FB}.Debug|Any CPU.ActiveCfg = Debug|Any CPU
		{CF058003-3B5A-4E2E-A4E7-274D76F395FB}.Debug|Any CPU.Build.0 = Debug|Any CPU
		{CF058003-3B5A-4E2E-A4E7-274D76F395FB}.Release|Any CPU.ActiveCfg = Release|Any CPU
		{CF058003-3B5A-4E2E-A4E7-274D76F395FB}.Release|Any CPU.Build.0 = Release|Any CPU
	EndGlobalSection
	GlobalSection(SolutionProperties) = preSolution
		HideSolutionNode = FALSE
	EndGlobalSection
EndGlobal
